Microsoft Visual Studio Solution File, Format Version 12.00
# Visual Studio Version 17
VisualStudioVersion = 17.5.2.0
MinimumVisualStudioVersion = 10.0.40219.1
Project("{2150E333-8FDC-42A3-9474-1A3956D46DE8}") = "06_Tuples", "06_Tuples", "{80DD2B44-A457-84D5-3A2D-88BD1B3600CB}"
EndProject
Project("{2150E333-8FDC-42A3-9474-1A3956D46DE8}") = "02_AsyncAwaitDemo", "02_AsyncAwaitDemo", "{3F1FF4FD-6C2C-E4B3-5543-D1421C2827AC}"
EndProject
Project("{FAE04EC0-301F-11D3-BF4B-00C04F79EFBC}") = "TuplesDemo", "06_Tuples\TuplesDemo\TuplesDemo.csproj", "{4C873659-D389-1A87-C0DD-4E072C1291A7}"
EndProject
Project("{FAE04EC0-301F-11D3-BF4B-00C04F79EFBC}") = "AsyncAwaitDemo", "02_AsyncAwaitDemo\AsyncAwaitDemo\AsyncAwaitDemo.csproj", "{A60D9186-A25C-9C29-517B-A9B36BD9B41B}"
EndProject
Global
	GlobalSection(SolutionConfigurationPlatforms) = preSolution
		Debug|Any CPU = Debug|Any CPU
		Release|Any CPU = Release|Any CPU
	EndGlobalSection
	GlobalSection(ProjectConfigurationPlatforms) = postSolution
		{4C873659-D389-1A87-C0DD-4E072C1291A7}.Debug|Any CPU.ActiveCfg = Debug|Any CPU
		{4C873659-D389-1A87-C0DD-4E072C1291A7}.Debug|Any CPU.Build.0 = Debug|Any CPU
		{4C873659-D389-1A87-C0DD-4E072C1291A7}.Release|Any CPU.ActiveCfg = Release|Any CPU
		{4C873659-D389-1A87-C0DD-4E072C1291A7}.Release|Any CPU.Build.0 = Release|Any CPU
		{A60D9186-A25C-9C29-517B-A9B36BD9B41B}.Debug|Any CPU.ActiveCfg = Debug|Any CPU
		{A60D9186-A25C-9C29-517B-A9B36BD9B41B}.Debug|Any CPU.Build.0 = Debug|Any CPU
		{A60D9186-A25C-9C29-517B-A9B36BD9B41B}.Release|Any CPU.ActiveCfg = Release|Any CPU
		{A60D9186-A25C-9C29-517B-A9B36BD9B41B}.Release|Any CPU.Build.0 = Release|Any CPU
	EndGlobalSection
	GlobalSection(SolutionProperties) = preSolution
		HideSolutionNode = FALSE
	EndGlobalSection
	GlobalSection(NestedProjects) = preSolution
		{4C873659-D389-1A87-C0DD-4E072C1291A7} = {80DD2B44-A457-84D5-3A2D-88BD1B3600CB}
		{A60D9186-A25C-9C29-517B-A9B36BD9B41B} = {3F1FF4FD-6C2C-E4B3-5543-D1421C2827AC}
	EndGlobalSection
	GlobalSection(ExtensibilityGlobals) = postSolution
		SolutionGuid = {C92AA1AD-8EC0-462C-83C2-8731F90FBEDE}
	EndGlobalSection
EndGlobal
